
Microsoft Visual Studio Solution File, Format Version 12.00
# Visual Studio Version 16
VisualStudioVersion = 16.6.30114.105
MinimumVisualStudioVersion = 10.0.40219.1
Project("{FAE04EC0-301F-11D3-BF4B-00C04F79EFBC}") = "ToyBlockChain.Service", "ToyBlockChain.Service\ToyBlockChain.Service.csproj", "{CB4E8B1B-48AF-4B6C-87AE-FBC24723534E}"
EndProject
Project("{FAE04EC0-301F-11D3-BF4B-00C04F79EFBC}") = "ToyBlockChain.Crypto", "ToyBlockChain.Crypto\ToyBlockChain.Crypto.csproj", "{FD6835E4-4F73-44BB-ACD8-D057CAD3156D}"
EndProject
Project("{FAE04EC0-301F-11D3-BF4B-00C04F79EFBC}") = "ToyBlockChain.Core", "ToyBlockChain.Core\ToyBlockChain.Core.csproj", "{CBA91344-BCDC-4175-A99B-A6061F1C44DF}"
EndProject
Project("{FAE04EC0-301F-11D3-BF4B-00C04F79EFBC}") = "ToyBlockChain.Script", "ToyBlockChain.Script\ToyBlockChain.Script.csproj", "{48226472-CAF9-41FF-84F0-38B49FC96E49}"
EndProject
Project("{FAE04EC0-301F-11D3-BF4B-00C04F79EFBC}") = "ToyBlockChain.App", "ToyBlockChain.App\ToyBlockChain.App.csproj", "{86AD95CF-6D86-41B9-9C24-C924DB936322}"
EndProject
Project("{FAE04EC0-301F-11D3-BF4B-00C04F79EFBC}") = "ToyBlockChain.Network", "ToyBlockChain.Network\ToyBlockChain.Network.csproj", "{1B058A53-E01F-4DC8-879D-3E9FC064C9CF}"
EndProject
Global
	GlobalSection(SolutionConfigurationPlatforms) = preSolution
		Debug|Any CPU = Debug|Any CPU
		Debug|x64 = Debug|x64
		Debug|x86 = Debug|x86
		Release|Any CPU = Release|Any CPU
		Release|x64 = Release|x64
		Release|x86 = Release|x86
	EndGlobalSection
	GlobalSection(SolutionProperties) = preSolution
		HideSolutionNode = FALSE
	EndGlobalSection
	GlobalSection(ProjectConfigurationPlatforms) = postSolution
		{CB4E8B1B-48AF-4B6C-87AE-FBC24723534E}.Debug|Any CPU.ActiveCfg = Debug|Any CPU
		{CB4E8B1B-48AF-4B6C-87AE-FBC24723534E}.Debug|Any CPU.Build.0 = Debug|Any CPU
		{CB4E8B1B-48AF-4B6C-87AE-FBC24723534E}.Debug|x64.ActiveCfg = Debug|Any CPU
		{CB4E8B1B-48AF-4B6C-87AE-FBC24723534E}.Debug|x64.Build.0 = Debug|Any CPU
		{CB4E8B1B-48AF-4B6C-87AE-FBC24723534E}.Debug|x86.ActiveCfg = Debug|Any CPU
		{CB4E8B1B-48AF-4B6C-87AE-FBC24723534E}.Debug|x86.Build.0 = Debug|Any CPU
		{CB4E8B1B-48AF-4B6C-87AE-FBC24723534E}.Release|Any CPU.ActiveCfg = Release|Any CPU
		{CB4E8B1B-48AF-4B6C-87AE-FBC24723534E}.Release|Any CPU.Build.0 = Release|Any CPU
		{CB4E8B1B-48AF-4B6C-87AE-FBC24723534E}.Release|x64.ActiveCfg = Release|Any CPU
		{CB4E8B1B-48AF-4B6C-87AE-FBC24723534E}.Release|x64.Build.0 = Release|Any CPU
		{CB4E8B1B-48AF-4B6C-87AE-FBC24723534E}.Release|x86.ActiveCfg = Release|Any CPU
		{CB4E8B1B-48AF-4B6C-87AE-FBC24723534E}.Release|x86.Build.0 = Release|Any CPU
		{FD6835E4-4F73-44BB-ACD8-D057CAD3156D}.Debug|Any CPU.ActiveCfg = Debug|Any CPU
		{FD6835E4-4F73-44BB-ACD8-D057CAD3156D}.Debug|Any CPU.Build.0 = Debug|Any CPU
		{FD6835E4-4F73-44BB-ACD8-D057CAD3156D}.Debug|x64.ActiveCfg = Debug|Any CPU
		{FD6835E4-4F73-44BB-ACD8-D057CAD3156D}.Debug|x64.Build.0 = Debug|Any CPU
		{FD6835E4-4F73-44BB-ACD8-D057CAD3156D}.Debug|x86.ActiveCfg = Debug|Any CPU
		{FD6835E4-4F73-44BB-ACD8-D057CAD3156D}.Debug|x86.Build.0 = Debug|Any CPU
		{FD6835E4-4F73-44BB-ACD8-D057CAD3156D}.Release|Any CPU.ActiveCfg = Release|Any CPU
		{FD6835E4-4F73-44BB-ACD8-D057CAD3156D}.Release|Any CPU.Build.0 = Release|Any CPU
		{FD6835E4-4F73-44BB-ACD8-D057CAD3156D}.Release|x64.ActiveCfg = Release|Any CPU
		{FD6835E4-4F73-44BB-ACD8-D057CAD3156D}.Release|x64.Build.0 = Release|Any CPU
		{FD6835E4-4F73-44BB-ACD8-D057CAD3156D}.Release|x86.ActiveCfg = Release|Any CPU
		{FD6835E4-4F73-44BB-ACD8-D057CAD3156D}.Release|x86.Build.0 = Release|Any CPU
		{CBA91344-BCDC-4175-A99B-A6061F1C44DF}.Debug|Any CPU.ActiveCfg = Debug|Any CPU
		{CBA91344-BCDC-4175-A99B-A6061F1C44DF}.Debug|Any CPU.Build.0 = Debug|Any CPU
		{CBA91344-BCDC-4175-A99B-A6061F1C44DF}.Debug|x64.ActiveCfg = Debug|Any CPU
		{CBA91344-BCDC-4175-A99B-A6061F1C44DF}.Debug|x64.Build.0 = Debug|Any CPU
		{CBA91344-BCDC-4175-A99B-A6061F1C44DF}.Debug|x86.ActiveCfg = Debug|Any CPU
		{CBA91344-BCDC-4175-A99B-A6061F1C44DF}.Debug|x86.Build.0 = Debug|Any CPU
		{CBA91344-BCDC-4175-A99B-A6061F1C44DF}.Release|Any CPU.ActiveCfg = Release|Any CPU
		{CBA91344-BCDC-4175-A99B-A6061F1C44DF}.Release|Any CPU.Build.0 = Release|Any CPU
		{CBA91344-BCDC-4175-A99B-A6061F1C44DF}.Release|x64.ActiveCfg = Release|Any CPU
		{CBA91344-BCDC-4175-A99B-A6061F1C44DF}.Release|x64.Build.0 = Release|Any CPU
		{CBA91344-BCDC-4175-A99B-A6061F1C44DF}.Release|x86.ActiveCfg = Release|Any CPU
		{CBA91344-BCDC-4175-A99B-A6061F1C44DF}.Release|x86.Build.0 = Release|Any CPU
		{48226472-CAF9-41FF-84F0-38B49FC96E49}.Debug|Any CPU.ActiveCfg = Debug|Any CPU
		{48226472-CAF9-41FF-84F0-38B49FC96E49}.Debug|Any CPU.Build.0 = Debug|Any CPU
		{48226472-CAF9-41FF-84F0-38B49FC96E49}.Debug|x64.ActiveCfg = Debug|Any CPU
		{48226472-CAF9-41FF-84F0-38B49FC96E49}.Debug|x64.Build.0 = Debug|Any CPU
		{48226472-CAF9-41FF-84F0-38B49FC96E49}.Debug|x86.ActiveCfg = Debug|Any CPU
		{48226472-CAF9-41FF-84F0-38B49FC96E49}.Debug|x86.Build.0 = Debug|Any CPU
		{48226472-CAF9-41FF-84F0-38B49FC96E49}.Release|Any CPU.ActiveCfg = Release|Any CPU
		{48226472-CAF9-41FF-84F0-38B49FC96E49}.Release|Any CPU.Build.0 = Release|Any CPU
		{48226472-CAF9-41FF-84F0-38B49FC96E49}.Release|x64.ActiveCfg = Release|Any CPU
		{48226472-CAF9-41FF-84F0-38B49FC96E49}.Release|x64.Build.0 = Release|Any CPU
		{48226472-CAF9-41FF-84F0-38B49FC96E49}.Release|x86.ActiveCfg = Release|Any CPU
		{48226472-CAF9-41FF-84F0-38B49FC96E49}.Release|x86.Build.0 = Release|Any CPU
		{86AD95CF-6D86-41B9-9C24-C924DB936322}.Debug|Any CPU.ActiveCfg = Debug|Any CPU
		{86AD95CF-6D86-41B9-9C24-C924DB936322}.Debug|Any CPU.Build.0 = Debug|Any CPU
		{86AD95CF-6D86-41B9-9C24-C924DB936322}.Debug|x64.ActiveCfg = Debug|Any CPU
		{86AD95CF-6D86-41B9-9C24-C924DB936322}.Debug|x64.Build.0 = Debug|Any CPU
		{86AD95CF-6D86-41B9-9C24-C924DB936322}.Debug|x86.ActiveCfg = Debug|Any CPU
		{86AD95CF-6D86-41B9-9C24-C924DB936322}.Debug|x86.Build.0 = Debug|Any CPU
		{86AD95CF-6D86-41B9-9C24-C924DB936322}.Release|Any CPU.ActiveCfg = Release|Any CPU
		{86AD95CF-6D86-41B9-9C24-C924DB936322}.Release|Any CPU.Build.0 = Release|Any CPU
		{86AD95CF-6D86-41B9-9C24-C924DB936322}.Release|x64.ActiveCfg = Release|Any CPU
		{86AD95CF-6D86-41B9-9C24-C924DB936322}.Release|x64.Build.0 = Release|Any CPU
		{86AD95CF-6D86-41B9-9C24-C924DB936322}.Release|x86.ActiveCfg = Release|Any CPU
		{86AD95CF-6D86-41B9-9C24-C924DB936322}.Release|x86.Build.0 = Release|Any CPU
		{1B058A53-E01F-4DC8-879D-3E9FC064C9CF}.Debug|Any CPU.ActiveCfg = Debug|Any CPU
		{1B058A53-E01F-4DC8-879D-3E9FC064C9CF}.Debug|Any CPU.Build.0 = Debug|Any CPU
		{1B058A53-E01F-4DC8-879D-3E9FC064C9CF}.Debug|x64.ActiveCfg = Debug|Any CPU
		{1B058A53-E01F-4DC8-879D-3E9FC064C9CF}.Debug|x64.Build.0 = Debug|Any CPU
		{1B058A53-E01F-4DC8-879D-3E9FC064C9CF}.Debug|x86.ActiveCfg = Debug|Any CPU
		{1B058A53-E01F-4DC8-879D-3E9FC064C9CF}.Debug|x86.Build.0 = Debug|Any CPU
		{1B058A53-E01F-4DC8-879D-3E9FC064C9CF}.Release|Any CPU.ActiveCfg = Release|Any CPU
		{1B058A53-E01F-4DC8-879D-3E9FC064C9CF}.Release|Any CPU.Build.0 = Release|Any CPU
		{1B058A53-E01F-4DC8-879D-3E9FC064C9CF}.Release|x64.ActiveCfg = Release|Any CPU
		{1B058A53-E01F-4DC8-879D-3E9FC064C9CF}.Release|x64.Build.0 = Release|Any CPU
		{1B058A53-E01F-4DC8-879D-3E9FC064C9CF}.Release|x86.ActiveCfg = Release|Any CPU
		{1B058A53-E01F-4DC8-879D-3E9FC064C9CF}.Release|x86.Build.0 = Release|Any CPU
	EndGlobalSection
EndGlobal
